{
  "version": 1,
  "dependencies": {
    "net8.0": {
      "Crc32.NET": {
        "type": "Direct",
        "requested": "[1.2.0, )",
        "resolved": "1.2.0",
        "contentHash": "wNW/huzolu8MNKUnwCVKxjfAlCFpeI8AZVfF46iAWJ1+P6bTU1AZct7VAkDDEjgeeTJCVTkGZaD6jSd/fOiUkA==",
        "dependencies": {
          "NETStandard.Library": "2.0.0"
        }
      },
      "MathNet.Numerics": {
        "type": "Direct",
        "requested": "[5.0.0, )",
        "resolved": "5.0.0",
        "contentHash": "pg1W2VwaEQMAiTpGK840hZgzavnqjlCMTVSbtVCXVyT+7AX4mc1o89SPv4TBlAjhgCOo9c1Y+jZ5m3ti2YgGgA=="
      },
      "NAudio.Core": {
        "type": "Direct",
        "requested": "[2.1.0, )",
        "resolved": "2.1.0",
        "contentHash": "0iowfmolibU4KxjaC/s7lox/BeDg76UVvXtCuCzRiNpylVndqsxXxp+bVWFrpv0KzQDIKLxZrnDmYENlAI0u9g=="
      },
      "NAudio.Wasapi": {
        "type": "Direct",
        "requested": "[2.1.0, )",
        "resolved": "2.1.0",
        "contentHash": "Zp/8l79aYQEu7/HfzXWVpqyIwRUPgsvCj/Qx+pR6ykJxvwjqOoUfMiEG9US1wW4d7PEzT5ZBIL+cp90t6HNNiw==",
        "dependencies": {
          "NAudio.Core": "2.1.0"
        }
      },
      "NLayer.NAudioSupport": {
        "type": "Direct",
        "requested": "[1.3.0, )",
        "resolved": "1.3.0",
        "contentHash": "ydij015TE/8LjlibQSlFmOrmTYqXlr89oGDsuB8+H5Fxz/DMwVy9l6gHWZV4KT2bIhCJQ4sqGmL3ZOdbj3GMBA==",
        "dependencies": {
          "NAudio.Core": "2.0.0",
          "NLayer": "1.14.0"
        }
      },
      "System.Drawing.Common": {
        "type": "Direct",
        "requested": "[8.0.0-preview.7.23375.5, )",
        "resolved": "8.0.0-preview.7.23375.5",
        "contentHash": "IECr9UTQzBsP89YAez28/Jc+U/o1KTeBGk6VPDXrRNH6uo2POJKHhM1rweZIfakduU4M6FWIidEUNf34wbZMRQ==",
        "dependencies": {
          "Microsoft.Win32.SystemEvents": "8.0.0-preview.7.23375.6"
        }
      },
      "Microsoft.NETCore.Platforms": {
        "type": "Transitive",
        "resolved": "1.1.0",
        "contentHash": "kz0PEW2lhqygehI/d6XsPCQzD7ff7gUJaVGPVETX611eadGsA3A877GdSlU0LRVMCTH/+P3o2iDTak+S08V2+A=="
      },
      "Microsoft.Win32.SystemEvents": {
        "type": "Transitive",
        "resolved": "8.0.0-preview.7.23375.6",
        "contentHash": "tYKg/5MecDn8SsIx/cqyjre2gEpbrgdritb0cF0lsbC+c4o+nPvWWPfGLoT5g3t1L0dtner8+8fxlx+VjrxINg=="
      },
      "NETStandard.Library": {
        "type": "Transitive",
        "resolved": "2.0.0",
        "contentHash": "7jnbRU+L08FXKMxqUflxEXtVymWvNOrS8yHgu9s6EM8Anr6T/wIX4nZ08j/u3Asz+tCufp3YVwFSEvFTPYmBPA==",
        "dependencies": {
          "Microsoft.NETCore.Platforms": "1.1.0"
        }
      },
      "NLayer": {
        "type": "Transitive",
        "resolved": "1.14.0",
        "contentHash": "brv6M0Z+2zhOndFqGXaUa+r3/ihGrcp4NubRaaNxVRHFoFO+bUwSq3zxYotdBv/vVJrsiwH4wpzPevVz/PNkIw==",
        "dependencies": {
          "NETStandard.Library": "1.6.1"
        }
      }
    },
    "net8.0/linux-arm64": {
      "Microsoft.Win32.SystemEvents": {
        "type": "Transitive",
        "resolved": "8.0.0-preview.7.23375.6",
        "contentHash": "tYKg/5MecDn8SsIx/cqyjre2gEpbrgdritb0cF0lsbC+c4o+nPvWWPfGLoT5g3t1L0dtner8+8fxlx+VjrxINg=="
      }
    },
    "net8.0/linux-x64": {
      "Microsoft.Win32.SystemEvents": {
        "type": "Transitive",
        "resolved": "8.0.0-preview.7.23375.6",
        "contentHash": "tYKg/5MecDn8SsIx/cqyjre2gEpbrgdritb0cF0lsbC+c4o+nPvWWPfGLoT5g3t1L0dtner8+8fxlx+VjrxINg=="
      }
    },
    "net8.0/osx-arm64": {
      "Microsoft.Win32.SystemEvents": {
        "type": "Transitive",
        "resolved": "8.0.0-preview.7.23375.6",
        "contentHash": "tYKg/5MecDn8SsIx/cqyjre2gEpbrgdritb0cF0lsbC+c4o+nPvWWPfGLoT5g3t1L0dtner8+8fxlx+VjrxINg=="
      }
    },
    "net8.0/osx-x64": {
      "Microsoft.Win32.SystemEvents": {
        "type": "Transitive",
        "resolved": "8.0.0-preview.7.23375.6",
        "contentHash": "tYKg/5MecDn8SsIx/cqyjre2gEpbrgdritb0cF0lsbC+c4o+nPvWWPfGLoT5g3t1L0dtner8+8fxlx+VjrxINg=="
      }
    },
    "net8.0/win-arm64": {
      "Microsoft.Win32.SystemEvents": {
        "type": "Transitive",
        "resolved": "8.0.0-preview.7.23375.6",
        "contentHash": "tYKg/5MecDn8SsIx/cqyjre2gEpbrgdritb0cF0lsbC+c4o+nPvWWPfGLoT5g3t1L0dtner8+8fxlx+VjrxINg=="
      }
    },
    "net8.0/win-x64": {
      "Microsoft.Win32.SystemEvents": {
        "type": "Transitive",
        "resolved": "8.0.0-preview.7.23375.6",
        "contentHash": "tYKg/5MecDn8SsIx/cqyjre2gEpbrgdritb0cF0lsbC+c4o+nPvWWPfGLoT5g3t1L0dtner8+8fxlx+VjrxINg=="
      }
    }
  }
}